
Microsoft Visual Studio Solution File, Format Version 12.00
# Visual Studio 14
VisualStudioVersion = 14.0.22310.1
MinimumVisualStudioVersion = 10.0.40219.1
Project("{8BB2217D-0F2D-49D1-97BC-3654ED321F3B}") = "CP", "CP\CP.kproj", "{E6A43780-C1B6-4052-BCCD-8887110369F7}"
EndProject
Project("{8BB2217D-0F2D-49D1-97BC-3654ED321F3B}") = "Sandbox", "Sandbox\Sandbox.kproj", "{36106637-8D16-4ADA-8957-8EA04975A775}"
EndProject
Project("{2150E333-8FDC-42A3-9474-1A3956D46DE8}") = "Solution Items", "Solution Items", "{F7888BA7-316C-41DE-8D9C-6FCACA06942E}"
	ProjectSection(SolutionItems) = preProject
		gruntfile.js = gruntfile.js
		package.json = package.json
	EndProjectSection
EndProject
Global
	GlobalSection(SolutionConfigurationPlatforms) = preSolution
		Debug|Any CPU = Debug|Any CPU
		Release|Any CPU = Release|Any CPU
	EndGlobalSection
	GlobalSection(ProjectConfigurationPlatforms) = postSolution
		{E6A43780-C1B6-4052-BCCD-8887110369F7}.Debug|Any CPU.ActiveCfg = Debug|Any CPU
		{E6A43780-C1B6-4052-BCCD-8887110369F7}.Debug|Any CPU.Build.0 = Debug|Any CPU
		{E6A43780-C1B6-4052-BCCD-8887110369F7}.Release|Any CPU.ActiveCfg = Release|Any CPU
		{E6A43780-C1B6-4052-BCCD-8887110369F7}.Release|Any CPU.Build.0 = Release|Any CPU
		{36106637-8D16-4ADA-8957-8EA04975A775}.Debug|Any CPU.ActiveCfg = Debug|Any CPU
		{36106637-8D16-4ADA-8957-8EA04975A775}.Debug|Any CPU.Build.0 = Debug|Any CPU
		{36106637-8D16-4ADA-8957-8EA04975A775}.Release|Any CPU.ActiveCfg = Release|Any CPU
		{36106637-8D16-4ADA-8957-8EA04975A775}.Release|Any CPU.Build.0 = Release|Any CPU
	EndGlobalSection
	GlobalSection(SolutionProperties) = preSolution
		HideSolutionNode = FALSE
	EndGlobalSection
EndGlobal
